{
  "originHash" : "69a0609ed441bfcee3e633fed95d739b721204424bf8c9479c73cf591cc60bf8",
  "pins" : [
    {
      "identity" : "switchboard-sdk-ios",
      "kind" : "remoteSourceControl",
      "location" : "https://github.com/switchboard-sdk/switchboard-sdk-ios",
      "state" : {
        "revision" : "10f7f6310b52cd353fd9a37fdadfd5dd4ce811b8",
        "version" : "3.2.6"
      }
    }
  ],
  "version" : 3
}
